github.com/frankban/quicktest v1.14.3 h1:FJKSZTDHjyhriyC81FLQ0LY93eSai0ZyR/ZIkd3ZUKE=
github.com/google/go-cmp v0.5.9 h1:O2Tfq5qg4qc4AmwVlvv0oLiVAGB7enBSJ2x2DqQFi38=
github.com/gopherjs/gopherjs v1.17.2 h1:fQnZVsXk8uxXIStYb0N4bGk7jeyTalG/wsZjQ25dO0g=
github.com/gopherjs/gopherjs v1.17.2/go.mod h1:pRRIvn/QzFLrKfvEz3qUuEhtE/zLCWfreZ6J5gM2i+k=
github.com/ipfs/go-cid v0.3.2 h1:OGgOd+JCFM+y1DjWPmVH+2/4POtpDzwcr7VgnB7mZXc=
github.com/ipfs/go-cid v0.3.2/go.mod h1:gQ8pKqT/sUxGY+tIwy1RPpAojYu7jAyCp5Tz1svoupw=
github.com/ipld/go-ipld-prime v0.19.0 h1:5axC7rJmPc17Emw6TelxGwnzALk0PdupZ2oj2roDj04=
github.com/ipld/go-ipld-prime v0.19.0/go.mod h1:Q9j3BaVXwaA3o5JUDNvptDDr/x8+F7FG6XJ8WI3ILg4=
github.com/jtolds/gls v4.20.0+incompatible h1:xdiiI2gbIgH/gLH7ADydsJ1uDOEzR8yvV7C0MuV77Wo=
github.com/jtolds/gls v4.20.0+incompatible/go.mod h1:QJZ7F/aHp+rZTRtaJ1ow/lLfFfVYBRgL+9YlvaHOwJU=
github.com/klauspost/cpuid/v2 v2.0.4/go.mod h1:FInQzS24/EEf25PyTYn52gqo7WaD8xa0213Md/qVLRg=
github.com/klauspost/cpuid/v2 v2.0.9 h1:lgaqFMSdTdQYdZ04uHyN2d/eKdOMyi2YLSvlQIBFYa4=
github.com/klauspost/cpuid/v2 v2.0.9/go.mod h1:FInQzS24/EEf25PyTYn52gqo7WaD8xa0213Md/qVLRg=
github.com/kr/pretty v0.3.0 h1:WgNl7dwNpEZ6jJ9k1snq4pZsg7DOEN8hP9Xw0Tsjwk0=
github.com/kr/text v0.2.0 h1:5Nx0Ya0ZqY2ygV366QzturHI13Jq95ApcVaJBhpS+AY=
github.com/mattn/go-sqlite3 v1.14.16 h1:yOQRA0RpS5PFz/oikGwBEqvAWhWg5ufRz4ETLjwpU1Y=
github.com/mattn/go-sqlite3 v1.14.16/go.mod h1:2eHXhiwb8IkHr+BDWZGa96P6+rkvnG63S2DGjv9HUNg=
github.com/minio/sha256-simd v1.0.0 h1:v1ta+49hkWZyvaKwrQB8elexRqm6Y0aMLjCNsrYxo6g=
github.com/minio/sha256-simd v1.0.0/go.mod h1:OuYzVNI5vcoYIAmbIvHPl3N3jUzVedXbKy5RFepssQM=
github.com/mr-tron/base58 v1.1.0/go.mod h1:xcD2VGqlgYjBdcBLw+TuYLr8afG+Hj8g2eTVqeSzSU8=
github.com/mr-tron/base58 v1.2.0 h1:T/HDJBh4ZCPbU39/+c3rRvE0uKBQlU27+QI8LJ4t64o=
github.com/mr-tron/base58 v1.2.0/go.mod h1:BinMc/sQntlIE1frQmRFPUoPA1Zkr8VRgBdjWI2mNwc=
github.com/multiformats/go-base32 v0.0.3 h1:tw5+NhuwaOjJCC5Pp82QuXbrmLzWg7uxlMFp8Nq/kkI=
github.com/multiformats/go-base32 v0.0.3/go.mod h1:pLiuGC8y0QR3Ue4Zug5UzK9LjgbkL8NSQj0zQ5Nz/AA=
github.com/multiformats/go-base36 v0.1.0 h1:JR6TyF7JjGd3m6FbLU2cOxhC0Li8z8dLNGQ89tUg4F4=
github.com/multiformats/go-base36 v0.1.0/go.mod h1:kFGE83c6s80PklsHO9sRn2NCoffoRdUUOENyW/Vv6sM=
github.com/multiformats/go-multibase v0.0.3 h1:l/B6bJDQjvQ5G52jw4QGSYeOTZoAwIO77RblWplfIqk=
github.com/multiformats/go-multibase v0.0.3/go.mod h1:5+1R4eQrT3PkYZ24C3W2Ue2tPwIdYQD509ZjSb5y9Oc=
github.com/multiformats/go-multicodec v0.6.0 h1:KhH2kSuCARyuJraYMFxrNO3DqIaYhOdS039kbhgVwpE=
github.com/multiformats/go-multicodec v0.6.0/go.mod h1:GUC8upxSBE4oG+q3kWZRw/+6yC1BqO550bjhWsJbZlw=
github.com/multiformats/go-multihash v0.2.1 h1:aem8ZT0VA2nCHHk7bPJ1BjUbHNciqZC/d16Vve9l108=
github.com/multiformats/go-multihash v0.2.1/go.mod h1:WxoMcYG85AZVQUyRyo9s4wULvW5qrI9vb2Lt6evduFc=
github.com/multiformats/go-varint v0.0.6 h1:gk85QWKxh3TazbLxED/NlDVv8+q+ReFJk7Y2W/KhfNY=
github.com/multiformats/go-varint v0.0.6/go.mod h1:3Ls8CIEsrijN6+B7PbrXRPxHRPuXSrVKRY101jdMZYE=
github.com/polydawn/refmt v0.0.0-20201211092308-30ac6d18308e h1:ZOcivgkkFRnjfoTcGsDq3UQYiBmekwLA+qg0OjyB/ls=
github.com/polydawn/refmt v0.0.0-20201211092308-30ac6d18308e/go.mod h1:uIp+gprXxxrWSjjklXD+mN4wed/tMfjMMmN/9+JsA9o=
github.com/relereal/go-memex-blockservice v0.0.0-20221126201026-ce5c6c5ed1be h1:fRE48zuFScv/p6z74MzcbMfj3crZfthsJeIRDK/vfgk=
github.com/relereal/go-memex-blockservice v0.0.0-20221126201026-ce5c6c5ed1be/go.mod h1:tgx7+gb2ZjLnWKsndI+FDKk5sL20kuZVqBkUKVeX2hE=
github.com/relereal/go-memex-blockstore v0.0.0-20221126194153-2571e75bb2b5 h1:oGB0MS3e0c2m1gmtbaj5KHYviu5rn2wTDIwB7c8ttcE=
github.com/relereal/go-memex-blockstore v0.0.0-20221126194153-2571e75bb2b5/go.mod h1:KUGxEPJpTEnMyNl3Ou4KZGmTuEHsUwxwAa2KXC9nEVY=
github.com/relereal/go-sqlite-datastore v0.0.0-20221126182642-08ebebf62267 h1:SU4PTk2bQtz676IJiCW/4eH/oi4j3SvgEZbqXZkMR2E=
github.com/relereal/go-sqlite-datastore v0.0.0-20221126182642-08ebebf62267/go.mod h1:D0VglPGROX8cwj0Bki1FoQPpeS98geeqxWPJ45jE7Zs=
github.com/rogpeppe/go-internal v1.6.1 h1:/FiVV8dS/e+YqF2JvO3yXRFbBLTIuSDkuC7aBOAvL+k=
github.com/smartystreets/assertions v1.13.0 h1:Dx1kYM01xsSqKPno3aqLnrwac2LetPvN23diwyr69Qs=
github.com/smartystreets/assertions v1.13.0/go.mod h1:wDmR7qL282YbGsPy6H/yAsesrxfxaaSlJazyFLYVFx8=
github.com/smartystreets/goconvey v1.6.4 h1:fv0U8FUIMPNf1L9lnHLvLhgicrIVChEkdzIKYqbNC9s=
github.com/spaolacci/murmur3 v1.1.0 h1:7c1g84S4BPRrfL5Xrdp6fOJ206sU9y293DDHaoy0bLI=
github.com/spaolacci/murmur3 v1.1.0/go.mod h1:JwIasOWyU6f++ZhiEuf87xNszmSA2myDM2Kzu9HwQUA=
github.com/warpfork/go-wish v0.0.0-20200122115046-b9ea61034e4a h1:G++j5e0OC488te356JvdhaM8YS6nMsjLAYF7JxCv07w=
golang.org/x/crypto v0.0.0-20220525230936-793ad666bf5e h1:T8NU3HyQ8ClP4SEE+KbFlg6n0NhuTsN4MyznaarGsZM=
golang.org/x/crypto v0.0.0-20220525230936-793ad666bf5e/go.mod h1:IxCIyHEi3zRg3s0A5j5BB6A9Jmi73HwBIUl50j+osU4=
golang.org/x/sys v0.0.0-20210630005230-0f9fa26af87c h1:F1jZWGFhYfh0Ci55sIpILtKKK8p3i2/krTr0H1rg74I=
golang.org/x/sys v0.0.0-20210630005230-0f9fa26af87c/go.mod h1:oPkhp1MJrh7nUepCBck5+mAzfO9JrbApNNgaTdGDITg=
gopkg.in/yaml.v2 v2.4.0 h1:D8xgwECY7CYvx+Y2n4sBz93Jn9JRvxdiyyo8CTfuKaY=
lukechampine.com/blake3 v1.1.6 h1:H3cROdztr7RCfoaTpGZFQsrqvweFLrqS73j7L7cmR5c=
lukechampine.com/blake3 v1.1.6/go.mod h1:tkKEOtDkNtklkXtLNEOGNq5tcV90tJiA1vAA12R78LA=
